// !$*UTF8*$!
{
	archiveVersion = 1;
	classes = {
	};
	objectVersion = 46;
	objects = {

/* Begin PBXBuildFile section */
		0D502E5E1CCFCAFB00061A27 /* main.m in Sources */ = {isa = PBXBuildFile; fileRef = 0D502E5D1CCFCAFB00061A27 /* main.m */; };
		0D502E611CCFCAFB00061A27 /* AppDelegate.m in Sources */ = {isa = PBXBuildFile; fileRef = 0D502E601CCFCAFB00061A27 /* AppDelegate.m */; };
		0D502E641CCFCAFB00061A27 /* ViewController.m in Sources */ = {isa = PBXBuildFile; fileRef = 0D502E631CCFCAFB00061A27 /* ViewController.m */; };
		0D502E671CCFCAFB00061A27 /* Main.storyboard in Resources */ = {isa = PBXBuildFile; fileRef = 0D502E651CCFCAFB00061A27 /* Main.storyboard */; };
		0D502E691CCFCAFB00061A27 /* Assets.xcassets in Resources */ = {isa = PBXBuildFile; fileRef = 0D502E681CCFCAFB00061A27 /* Assets.xcassets */; };
		0D502E6C1CCFCAFB00061A27 /* LaunchScreen.storyboard in Resources */ = {isa = PBXBuildFile; fileRef = 0D502E6A1CCFCAFB00061A27 /* LaunchScreen.storyboard */; };
/* End PBXBuildFile section */

/* Begin PBXFileReference section */
		0D502E591CCFCAFB00061A27 /* HILSplit.app */ = {isa = PBXFileReference; explicitFileType = wrapper.application; includeInIndex = 0; path = HILSplit.app; sourceTree = BUILT_PRODUCTS_DIR; };
		0D502E5D1CCFCAFB00061A27 /* main.m */ = {isa = PBXFileReference; lastKnownFileType = sourcecode.c.objc; path = main.m; sourceTree = "<group>"; };
		0D502E5F1CCFCAFB00061A27 /* AppDelegate.h */ = {isa = PBXFileReference; lastKnownFileType = sourcecode.c.h; path = AppDelegate.h; sourceTree = "<group>"; };
		0D502E601CCFCAFB00061A27 /* AppDelegate.m */ = {isa = PBXFileReference; lastKnownFileType = sourcecode.c.objc; path = AppDelegate.m; sourceTree = "<group>"; };
		0D502E621CCFCAFB00061A27 /* ViewController.h */ = {isa = PBXFileReference; lastKnownFileType = sourcecode.c.h; path = ViewController.h; sourceTree = "<group>"; };
		0D502E631CCFCAFB00061A27 /* ViewController.m */ = {isa = PBXFileReference; lastKnownFileType = sourcecode.c.objc; path = ViewController.m; sourceTree = "<group>"; };
		0D502E661CCFCAFB00061A27 /* Base */ = {isa = PBXFileReference; lastKnownFileType = file.storyboard; name = Base; path = Base.lproj/Main.storyboard; sourceTree = "<group>"; };
		0D502E681CCFCAFB00061A27 /* Assets.xcassets */ = {isa = PBXFileReference; lastKnownFileType = folder.assetcatalog; path = Assets.xcassets; sourceTree = "<group>"; };
		0D502E6B1CCFCAFB00061A27 /* Base */ = {isa = PBXFileReference; lastKnownFileType = file.storyboard; name = Base; path = Base.lproj/LaunchScreen.storyboard; sourceTree = "<group>"; };
		0D502E6D1CCFCAFB00061A27 /* Info.plist */ = {isa = PBXFileReference; lastKnownFileType = text.plist.xml; path = Info.plist; sourceTree = "<group>"; };
/* End PBXFileReference section */

/* Begin PBXFrameworksBuildPhase section */
		0D502E561CCFCAFB00061A27 /* Frameworks */ = {
			isa = PBXFrameworksBuildPhase;
			buildActionMask = 2147483647;
			files = (
			);
			runOnlyForDeploymentPostprocessing = 0;
		};
/* End PBXFrameworksBuildPhase section */

/* Begin PBXGroup section */
		0D502E501CCFCAFB00061A27 = {
			isa = PBXGroup;
			children = (
				0D502E5B1CCFCAFB00061A27 /* HILSplit */,
				0D502E5A1CCFCAFB00061A27 /* Products */,
			);
			sourceTree = "<group>";
		};
		0D502E5A1CCFCAFB00061A27 /* Products */ = {
			isa = PBXGroup;
			children = (
				0D502E591CCFCAFB00061A27 /* HILSplit.app */,
			);
			name = Products;
			sourceTree = "<group>";
		};
		0D502E5B1CCFCAFB00061A27 /* HILSplit */ = {
			isa = PBXGroup;
			children = (
				0D502E5F1CCFCAFB00061A27 /* AppDelegate.h */,
				0D502E601CCFCAFB00061A27 /* AppDelegate.m */,
				0D502E621CCFCAFB00061A27 /* ViewController.h */,
				0D502E631CCFCAFB00061A27 /* ViewController.m */,
				0D502E651CCFCAFB00061A27 /* Main.storyboard */,
				0D502E681CCFCAFB00061A27 /* Assets.xcassets */,
				0D502E6A1CCFCAFB00061A27 /* LaunchScreen.storyboard */,
				0D502E6D1CCFCAFB00061A27 /* Info.plist */,
				0D502E5C1CCFCAFB00061A27 /* Supporting Files */,
			);
			path = HILSplit;
			sourceTree = "<group>";
		};
		0D502E5C1CCFCAFB00061A27 /* Supporting Files */ = {
			isa = PBXGroup;
			children = (
				0D502E5D1CCFCAFB00061A27 /* main.m */,
			);
			name = "Supporting Files";
			sourceTree = "<group>";
		};
/* End PBXGroup section */

/* Begin PBXNativeTarget section */
		0D502E581CCFCAFB00061A27 /* HILSplit */ = {
			isa = PBXNativeTarget;
			buildConfigurationList = 0D502E701CCFCAFB00061A27 /* Build configuration list for PBXNativeTarget "HILSplit" */;
			buildPhases = (
				0D502E551CCFCAFB00061A27 /* Sources */,
				0D502E561CCFCAFB00061A27 /* Frameworks */,
				0D502E571CCFCAFB00061A27 /* Resources */,
			);
			buildRules = (
			);
			dependencies = (
			);
			name = HILSplit;
			productName = HILSplit;
			productReference = 0D502E591CCFCAFB00061A27 /* HILSplit.app */;
			productType = "com.apple.product-type.application";
		};
/* End PBXNativeTarget section */

/* Begin PBXProject section */
		0D502E511CCFCAFB00061A27 /* Project object */ = {
			isa = PBXProject;
			attributes = {
				LastUpgradeCheck = 0720;
				ORGANIZATIONNAME = "Maksym Ivanov";
				TargetAttributes = {
					0D502E581CCFCAFB00061A27 = {
						CreatedOnToolsVersion = 7.2.1;
					};
				};
			};
			buildConfigurationList = 0D502E541CCFCAFB00061A27 /* Build configuration list for PBXProject "HILSplit" */;
			compatibilityVersion = "Xcode 3.2";
			developmentRegion = English;
			hasScannedForEncodings = 0;
			knownRegions = (
				en,
				Base,
			);
			mainGroup = 0D502E501CCFCAFB00061A27;
			productRefGroup = 0D502E5A1CCFCAFB00061A27 /* Products */;
			projectDirPath = "";
			projectRoot = "";
			targets = (
				0D502E581CCFCAFB00061A27 /* HILSplit */,
			);
		};
/* End PBXProject section */

/* Begin PBXResourcesBuildPhase section */
		0D502E571CCFCAFB00061A27 /* Resources */ = {
			isa = PBXResourcesBuildPhase;
			buildActionMask = 2147483647;
			files = (
				0D502E6C1CCFCAFB00061A27 /* LaunchScreen.storyboard in Resources */,
				0D502E691CCFCAFB00061A27 /* Assets.xcassets in Resources */,
				0D502E671CCFCAFB00061A27 /* Main.storyboard in Resources */,
			);
			runOnlyForDeploymentPostprocessing = 0;
		};
/* End PBXResourcesBuildPhase section */

/* Begin PBXSourcesBuildPhase section */
		0D502E551CCFCAFB00061A27 /* Sources */ = {
			isa = PBXSourcesBuildPhase;
			buildActionMask = 2147483647;
			files = (
				0D502E641CCFCAFB00061A27 /* ViewController.m in Sources */,
				0D502E611CCFCAFB00061A27 /* AppDelegate.m in Sources */,
				0D502E5E1CCFCAFB00061A27 /* main.m in Sources */,
			);
			runOnlyForDeploymentPostprocessing = 0;
		};
/* End PBXSourcesBuildPhase section */

/* Begin PBXVariantGroup section */
		0D502E651CCFCAFB00061A27 /* Main.storyboard */ = {
			isa = PBXVariantGroup;
			children = (
				0D502E661CCFCAFB00061A27 /* Base */,
			);
			name = Main.storyboard;
			sourceTree = "<group>";
		};
		0D502E6A1CCFCAFB00061A27 /* LaunchScreen.storyboard */ = {
			isa = PBXVariantGroup;
			children = (
				0D502E6B1CCFCAFB00061A27 /* Base */,
			);
			name = LaunchScreen.storyboard;
			sourceTree = "<group>";
		};
/* End PBXVariantGroup section */

/* Begin XCBuildConfiguration section */
		0D502E6E1CCFCAFB00061A27 /* Debug */ = {
			isa = XCBuildConfiguration;
			buildSettings = {
				ALWAYS_SEARCH_USER_PATHS = NO;
				CLANG_CXX_LANGUAGE_STANDARD = "gnu++0x";
				CLANG_CXX_LIBRARY = "libc++";
				CLANG_ENABLE_MODULES = YES;
				CLANG_ENABLE_OBJC_ARC = YES;
				CLANG_WARN_BOOL_CONVERSION = YES;
				CLANG_WARN_CONSTANT_CONVERSION = YES;
				CLANG_WARN_DIRECT_OBJC_ISA_USAGE = YES_ERROR;
				CLANG_WARN_EMPTY_BODY = YES;
				CLANG_WARN_ENUM_CONVERSION = YES;
				CLANG_WARN_INT_CONVERSION = YES;
				CLANG_WARN_OBJC_ROOT_CLASS = YES_ERROR;
				CLANG_WARN_UNREACHABLE_CODE = YES;
				CLANG_WARN__DUPLICATE_METHOD_MATCH = YES;
				"CODE_SIGN_IDENTITY[sdk=iphoneos*]" = "iPhone Developer";
				COPY_PHASE_STRIP = NO;
				DEBUG_INFORMATION_FORMAT = dwarf;
				ENABLE_STRICT_OBJC_MSGSEND = YES;
				ENABLE_TESTABILITY = YES;
				GCC_C_LANGUAGE_STANDARD = gnu99;
				GCC_DYNAMIC_NO_PIC = NO;
				GCC_NO_COMMON_BLOCKS = YES;
				GCC_OPTIMIZATION_LEVEL = 0;
				GCC_PREPROCESSOR_DEFINITIONS = (
					"DEBUG=1",
					"$(inherited)",
				);
				GCC_WARN_64_TO_32_BIT_CONVERSION = YES;
				GCC_WARN_ABOUT_RETURN_TYPE = YES_ERROR;
				GCC_WARN_UNDECLARED_SELECTOR = YES;
				GCC_WARN_UNINITIALIZED_AUTOS = YES_AGGRESSIVE;
				GCC_WARN_UNUSED_FUNCTION = YES;
				GCC_WARN_UNUSED_VARIABLE = YES;
				IPHONEOS_DEPLOYMENT_TARGET = 9.2;
				MTL_ENABLE_DEBUG_INFO = YES;
				ONLY_ACTIVE_ARCH = YES;
				SDKROOT = iphoneos;
				TARGETED_DEVICE_FAMILY = "1,2";
			};
			name = Debug;
		};
		0D502E6F1CCFCAFB00061A27 /* Release */ = {
			isa = XCBuildConfiguration;
			buildSettings = {
				ALWAYS_SEARCH_USER_PATHS = NO;
				CLANG_CXX_LANGUAGE_STANDARD = "gnu++0x";
				CLANG_CXX_LIBRARY = "libc++";
				CLANG_ENABLE_MODULES = YES;
				CLANG_ENABLE_OBJC_ARC = YES;
				CLANG_WARN_BOOL_CONVERSION = YES;
				CLANG_WARN_CONSTANT_CONVERSION = YES;
				CLANG_WARN_DIRECT_OBJC_ISA_USAGE = YES_ERROR;
				CLANG_WARN_EMPTY_BODY = YES;
				CLANG_WARN_ENUM_CONVERSION = YES;
				CLANG_WARN_INT_CONVERSION = YES;
				CLANG_WARN_OBJC_ROOT_CLASS = YES_ERROR;
				CLANG_WARN_UNREACHABLE_CODE = YES;
				CLANG_WARN__DUPLICATE_METHOD_MATCH = YES;
				"CODE_SIGN_IDENTITY[sdk=iphoneos*]" = "iPhone Developer";
				COPY_PHASE_STRIP = NO;
				DEBUG_INFORMATION_FORMAT = "dwarf-with-dsym";
				ENABLE_NS_ASSERTIONS = NO;
				ENABLE_STRICT_OBJC_MSGSEND = YES;
				GCC_C_LANGUAGE_STANDARD = gnu99;
				GCC_NO_COMMON_BLOCKS = YES;
				GCC_WARN_64_TO_32_BIT_CONVERSION = YES;
				GCC_WARN_ABOUT_RETURN_TYPE = YES_ERROR;
				GCC_WARN_UNDECLARED_SELECTOR = YES;
				GCC_WARN_UNINITIALIZED_AUTOS = YES_AGGRESSIVE;
				GCC_WARN_UNUSED_FUNCTION = YES;
				GCC_WARN_UNUSED_VARIABLE = YES;
				IPHONEOS_DEPLOYMENT_TARGET = 9.2;
				MTL_ENABLE_DEBUG_INFO = NO;
				SDKROOT = iphoneos;
				TARGETED_DEVICE_FAMILY = "1,2";
				VALIDATE_PRODUCT = YES;
			};
			name = Release;
		};
		0D502E711CCFCAFB00061A27 /* Debug */ = {
			isa = XCBuildConfiguration;
			buildSettings = {
				ASSETCATALOG_COMPILER_APPICON_NAME = AppIcon;
				INFOPLIST_FILE = HILSplit/Info.plist;
				LD_RUNPATH_SEARCH_PATHS = "$(inherited) @executable_path/Frameworks";
				PRODUCT_BUNDLE_IDENTIFIER = Mival.HILSplit;
				PRODUCT_NAME = "$(TARGET_NAME)";
			};
			name = Debug;
		};
		0D502E721CCFCAFB00061A27 /* Release */ = {
			isa = XCBuildConfiguration;
			buildSettings = {
				ASSETCATALOG_COMPILER_APPICON_NAME = AppIcon;
				INFOPLIST_FILE = HILSplit/Info.plist;
				LD_RUNPATH_SEARCH_PATHS = "$(inherited) @executable_path/Frameworks";
				PRODUCT_BUNDLE_IDENTIFIER = Mival.HILSplit;
				PRODUCT_NAME = "$(TARGET_NAME)";
			};
			name = Release;
		};
/* End XCBuildConfiguration section */

/* Begin XCConfigurationList section */
		0D502E541CCFCAFB00061A27 /* Build configuration list for PBXProject "HILSplit" */ = {
			isa = XCConfigurationList;
			buildConfigurations = (
				0D502E6E1CCFCAFB00061A27 /* Debug */,
				0D502E6F1CCFCAFB00061A27 /* Release */,
			);
			defaultConfigurationIsVisible = 0;
			defaultConfigurationName = Release;
		};
		0D502E701CCFCAFB00061A27 /* Build configuration list for PBXNativeTarget "HILSplit" */ = {
			isa = XCConfigurationList;
			buildConfigurations = (
				0D502E711CCFCAFB00061A27 /* Debug */,
				0D502E721CCFCAFB00061A27 /* Release */,
			);
			defaultConfigurationIsVisible = 0;
		};
/* End XCConfigurationList section */
	};
	rootObject = 0D502E511CCFCAFB00061A27 /* Project object */;
}
